
Microsoft Visual Studio Solution File, Format Version 12.00
# Visual Studio 15
VisualStudioVersion = 15.0.27004.2008
MinimumVisualStudioVersion = 10.0.40219.1
Project("{9A19103F-16F7-4668-BE54-9A1E7A4F7556}") = "Qb.Net", "Qb.Net\Qb.Net.csproj", "{0060A3E9-1182-4B57-A15D-2AB26C7D73C4}"
EndProject
Project("{9A19103F-16F7-4668-BE54-9A1E7A4F7556}") = "Dapper.Qb.Net", "Dapper.Qb.Net\Dapper.Qb.Net.csproj", "{6C203855-41EC-43A9-8656-7529D51D748A}"
EndProject
Project("{9A19103F-16F7-4668-BE54-9A1E7A4F7556}") = "Qb.Net.Core.Test", "Qb.Net.Core.Test\Qb.Net.Core.Test.csproj", "{A3B8DB6D-2C0A-4D76-BF70-DDC485ADF2A6}"
	ProjectSection(ProjectDependencies) = postProject
		{6C203855-41EC-43A9-8656-7529D51D748A} = {6C203855-41EC-43A9-8656-7529D51D748A}
	EndProjectSection
EndProject
Project("{2150E333-8FDC-42A3-9474-1A3956D46DE8}") = "Solution Items", "Solution Items", "{F34BD711-B7A5-4032-9D18-20D881FBB22A}"
	ProjectSection(SolutionItems) = preProject
		readme.md = readme.md
	EndProjectSection
EndProject
Global
	GlobalSection(SolutionConfigurationPlatforms) = preSolution
		Debug|Any CPU = Debug|Any CPU
		Release|Any CPU = Release|Any CPU
	EndGlobalSection
	GlobalSection(ProjectConfigurationPlatforms) = postSolution
		{0060A3E9-1182-4B57-A15D-2AB26C7D73C4}.Debug|Any CPU.ActiveCfg = Debug|Any CPU
		{0060A3E9-1182-4B57-A15D-2AB26C7D73C4}.Debug|Any CPU.Build.0 = Debug|Any CPU
		{0060A3E9-1182-4B57-A15D-2AB26C7D73C4}.Release|Any CPU.ActiveCfg = Release|Any CPU
		{0060A3E9-1182-4B57-A15D-2AB26C7D73C4}.Release|Any CPU.Build.0 = Release|Any CPU
		{6C203855-41EC-43A9-8656-7529D51D748A}.Debug|Any CPU.ActiveCfg = Debug|Any CPU
		{6C203855-41EC-43A9-8656-7529D51D748A}.Debug|Any CPU.Build.0 = Debug|Any CPU
		{6C203855-41EC-43A9-8656-7529D51D748A}.Release|Any CPU.ActiveCfg = Release|Any CPU
		{6C203855-41EC-43A9-8656-7529D51D748A}.Release|Any CPU.Build.0 = Release|Any CPU
		{A3B8DB6D-2C0A-4D76-BF70-DDC485ADF2A6}.Debug|Any CPU.ActiveCfg = Debug|Any CPU
		{A3B8DB6D-2C0A-4D76-BF70-DDC485ADF2A6}.Debug|Any CPU.Build.0 = Debug|Any CPU
		{A3B8DB6D-2C0A-4D76-BF70-DDC485ADF2A6}.Release|Any CPU.ActiveCfg = Release|Any CPU
		{A3B8DB6D-2C0A-4D76-BF70-DDC485ADF2A6}.Release|Any CPU.Build.0 = Release|Any CPU
	EndGlobalSection
	GlobalSection(SolutionProperties) = preSolution
		HideSolutionNode = FALSE
	EndGlobalSection
	GlobalSection(ExtensibilityGlobals) = postSolution
		SolutionGuid = {05A6071D-6E26-4F76-BC7A-B3F135F927C0}
	EndGlobalSection
EndGlobal
